
Microsoft Visual Studio Solution File, Format Version 12.00
# Visual Studio 2012
Project("{FAE04EC0-301F-11D3-BF4B-00C04F79EFBC}") = "VersionCommander.Implementation", "VersioningPropertyBag\VersionCommander.Implementation.csproj", "{44C435DB-C392-461B-B92F-2E0C7DEB23FA}"
EndProject
Project("{FAE04EC0-301F-11D3-BF4B-00C04F79EFBC}") = "VersionCommander.UnitTests", "VersionCommanderTests\VersionCommander.UnitTests.csproj", "{A299AC35-8EBB-48A5-AC58-B7BA89967980}"
EndProject
Project("{FAE04EC0-301F-11D3-BF4B-00C04F79EFBC}") = "VersionCommander", "VersionCommander\VersionCommander.csproj", "{953B7ED6-E20C-4701-83D6-211EC122608C}"
EndProject
Project("{FAE04EC0-301F-11D3-BF4B-00C04F79EFBC}") = "VersionCommander.IntegrationTests", "VersionCommander.IntegrationTests\VersionCommander.IntegrationTests.csproj", "{8A6241D9-564B-4B82-9792-59F59BB1FB85}"
EndProject
Global
	GlobalSection(SolutionConfigurationPlatforms) = preSolution
		Debug|Any CPU = Debug|Any CPU
		Release|Any CPU = Release|Any CPU
	EndGlobalSection
	GlobalSection(ProjectConfigurationPlatforms) = postSolution
		{44C435DB-C392-461B-B92F-2E0C7DEB23FA}.Debug|Any CPU.ActiveCfg = Debug|Any CPU
		{44C435DB-C392-461B-B92F-2E0C7DEB23FA}.Debug|Any CPU.Build.0 = Debug|Any CPU
		{44C435DB-C392-461B-B92F-2E0C7DEB23FA}.Release|Any CPU.ActiveCfg = Release|Any CPU
		{44C435DB-C392-461B-B92F-2E0C7DEB23FA}.Release|Any CPU.Build.0 = Release|Any CPU
		{A299AC35-8EBB-48A5-AC58-B7BA89967980}.Debug|Any CPU.ActiveCfg = Debug|Any CPU
		{A299AC35-8EBB-48A5-AC58-B7BA89967980}.Debug|Any CPU.Build.0 = Debug|Any CPU
		{A299AC35-8EBB-48A5-AC58-B7BA89967980}.Release|Any CPU.ActiveCfg = Release|Any CPU
		{A299AC35-8EBB-48A5-AC58-B7BA89967980}.Release|Any CPU.Build.0 = Release|Any CPU
		{953B7ED6-E20C-4701-83D6-211EC122608C}.Debug|Any CPU.ActiveCfg = Debug|Any CPU
		{953B7ED6-E20C-4701-83D6-211EC122608C}.Debug|Any CPU.Build.0 = Debug|Any CPU
		{953B7ED6-E20C-4701-83D6-211EC122608C}.Release|Any CPU.ActiveCfg = Release|Any CPU
		{953B7ED6-E20C-4701-83D6-211EC122608C}.Release|Any CPU.Build.0 = Release|Any CPU
		{8A6241D9-564B-4B82-9792-59F59BB1FB85}.Debug|Any CPU.ActiveCfg = Debug|Any CPU
		{8A6241D9-564B-4B82-9792-59F59BB1FB85}.Debug|Any CPU.Build.0 = Debug|Any CPU
		{8A6241D9-564B-4B82-9792-59F59BB1FB85}.Release|Any CPU.ActiveCfg = Release|Any CPU
		{8A6241D9-564B-4B82-9792-59F59BB1FB85}.Release|Any CPU.Build.0 = Release|Any CPU
	EndGlobalSection
	GlobalSection(SolutionProperties) = preSolution
		HideSolutionNode = FALSE
	EndGlobalSection
	GlobalSection(Performance) = preSolution
		HasPerformanceSessions = true
	EndGlobalSection
EndGlobal
